// !$*UTF8*$!
{
	archiveVersion = 1;
	classes = {
	};
	objectVersion = 50;
	objects = {

/* Begin PBXBuildFile section */
		299C885E20EFF44472BA215C /* Pods_CollegePosters.framework in Frameworks */ = {isa = PBXBuildFile; fileRef = 0CAE3A4F07D2613D19DD221D /* Pods_CollegePosters.framework */; };
		63640EB420C74EBD0045A0F1 /* PostImagesView.swift in Sources */ = {isa = PBXBuildFile; fileRef = 63640EB320C74EBD0045A0F1 /* PostImagesView.swift */; };
		63640EB620C74EFF0045A0F1 /* PostImagesViewCell.swift in Sources */ = {isa = PBXBuildFile; fileRef = 63640EB520C74EFF0045A0F1 /* PostImagesViewCell.swift */; };
		63D40D2520C5E16000DBF059 /* PostViewController.swift in Sources */ = {isa = PBXBuildFile; fileRef = 63D40D2420C5E16000DBF059 /* PostViewController.swift */; };
		93CB93758FD07CEEA0422BEB /* Pods_CollegePostersTests.framework in Frameworks */ = {isa = PBXBuildFile; fileRef = C74B41D4A16BAF559D7DB52F /* Pods_CollegePostersTests.framework */; };
		EB4A882320BEC4F400AF5587 /* AppDelegate.swift in Sources */ = {isa = PBXBuildFile; fileRef = EB4A882220BEC4F400AF5587 /* AppDelegate.swift */; };
		EB4A882520BEC4F400AF5587 /* ViewController.swift in Sources */ = {isa = PBXBuildFile; fileRef = EB4A882420BEC4F400AF5587 /* ViewController.swift */; };
		EB4A882820BEC4F400AF5587 /* Main.storyboard in Resources */ = {isa = PBXBuildFile; fileRef = EB4A882620BEC4F400AF5587 /* Main.storyboard */; };
		EB4A882B20BEC4F400AF5587 /* College_Posters.xcdatamodeld in Sources */ = {isa = PBXBuildFile; fileRef = EB4A882920BEC4F400AF5587 /* College_Posters.xcdatamodeld */; };
		EB4A882D20BEC4F500AF5587 /* Assets.xcassets in Resources */ = {isa = PBXBuildFile; fileRef = EB4A882C20BEC4F500AF5587 /* Assets.xcassets */; };
		EB4A883020BEC4F500AF5587 /* LaunchScreen.storyboard in Resources */ = {isa = PBXBuildFile; fileRef = EB4A882E20BEC4F500AF5587 /* LaunchScreen.storyboard */; };
		EB4A883B20BEC4F500AF5587 /* College_PostersTests.swift in Sources */ = {isa = PBXBuildFile; fileRef = EB4A883A20BEC4F500AF5587 /* College_PostersTests.swift */; };
		EB4A885620BF1A6D00AF5587 /* DiscoverViewController.swift in Sources */ = {isa = PBXBuildFile; fileRef = EB4A885520BF1A6D00AF5587 /* DiscoverViewController.swift */; };
		EB4A885A20BF1A8800AF5587 /* MessageViewController.swift in Sources */ = {isa = PBXBuildFile; fileRef = EB4A885920BF1A8800AF5587 /* MessageViewController.swift */; };
		EB4A885C20BF1A9E00AF5587 /* ProfileViewController.swift in Sources */ = {isa = PBXBuildFile; fileRef = EB4A885B20BF1A9E00AF5587 /* ProfileViewController.swift */; };
		EB4A886620BF6F0700AF5587 /* ExploreCollectionViewController.swift in Sources */ = {isa = PBXBuildFile; fileRef = EB4A886520BF6F0700AF5587 /* ExploreCollectionViewController.swift */; };
		EB4A887120C06DA800AF5587 /* Poster.swift in Sources */ = {isa = PBXBuildFile; fileRef = EB4A887020C06DA800AF5587 /* Poster.swift */; };
		EB4A887320C09D8800AF5587 /* ExploreCell.swift in Sources */ = {isa = PBXBuildFile; fileRef = EB4A887220C09D8800AF5587 /* ExploreCell.swift */; };
		EB4A888620C5E53A00AF5587 /* ExploreMenuBar.swift in Sources */ = {isa = PBXBuildFile; fileRef = EB4A888520C5E53A00AF5587 /* ExploreMenuBar.swift */; };
		EB4A889020C6FD6900AF5587 /* TrendCell.swift in Sources */ = {isa = PBXBuildFile; fileRef = EB4A888F20C6FD6900AF5587 /* TrendCell.swift */; };
		EB4A889420C7146400AF5587 /* FollowCell.swift in Sources */ = {isa = PBXBuildFile; fileRef = EB4A889320C7146400AF5587 /* FollowCell.swift */; };
		EB4A889620C71DA400AF5587 /* ExploreBaseCell.swift in Sources */ = {isa = PBXBuildFile; fileRef = EB4A889520C71DA400AF5587 /* ExploreBaseCell.swift */; };
		EB4A889920C84CFB00AF5587 /* HttpApiService.swift in Sources */ = {isa = PBXBuildFile; fileRef = EB4A889820C84CFB00AF5587 /* HttpApiService.swift */; };
		EB4A889B20C852D600AF5587 /* PosterImage.swift in Sources */ = {isa = PBXBuildFile; fileRef = EB4A889A20C852D600AF5587 /* PosterImage.swift */; };
		EB4A889D20C87F6700AF5587 /* ClubsCell.swift in Sources */ = {isa = PBXBuildFile; fileRef = EB4A889C20C87F6700AF5587 /* ClubsCell.swift */; };
		EB4A889F20C87F9C00AF5587 /* MarketCell.swift in Sources */ = {isa = PBXBuildFile; fileRef = EB4A889E20C87F9C00AF5587 /* MarketCell.swift */; };
		EB4A88A120C87FBE00AF5587 /* JobCell.swift in Sources */ = {isa = PBXBuildFile; fileRef = EB4A88A020C87FBE00AF5587 /* JobCell.swift */; };
		EB4A88A520C87FEA00AF5587 /* SocialsCell.swift in Sources */ = {isa = PBXBuildFile; fileRef = EB4A88A420C87FEA00AF5587 /* SocialsCell.swift */; };
		EB4A88A720C8806500AF5587 /* AcademyCell.swift in Sources */ = {isa = PBXBuildFile; fileRef = EB4A88A620C8806500AF5587 /* AcademyCell.swift */; };
		EB4A88A920C88EB800AF5587 /* LogInViewController.swift in Sources */ = {isa = PBXBuildFile; fileRef = EB4A88A820C88EB800AF5587 /* LogInViewController.swift */; };
/* End PBXBuildFile section */

/* Begin PBXContainerItemProxy section */
		EB4A883720BEC4F500AF5587 /* PBXContainerItemProxy */ = {
			isa = PBXContainerItemProxy;
			containerPortal = EB4A881720BEC4F400AF5587 /* Project object */;
			proxyType = 1;
			remoteGlobalIDString = EB4A881E20BEC4F400AF5587;
			remoteInfo = "College Posters";
		};
/* End PBXContainerItemProxy section */

/* Begin PBXFileReference section */
		0CAE3A4F07D2613D19DD221D /* Pods_CollegePosters.framework */ = {isa = PBXFileReference; explicitFileType = wrapper.framework; includeInIndex = 0; path = Pods_CollegePosters.framework; sourceTree = BUILT_PRODUCTS_DIR; };
		4997281D62618CC43C5B174E /* Pods-CollegePostersTests.release.xcconfig */ = {isa = PBXFileReference; includeInIndex = 1; lastKnownFileType = text.xcconfig; name = "Pods-CollegePostersTests.release.xcconfig"; path = "Pods/Target Support Files/Pods-CollegePostersTests/Pods-CollegePostersTests.release.xcconfig"; sourceTree = "<group>"; };
		576E6AD15ACF977781557463 /* Pods-CollegePostersTests.debug.xcconfig */ = {isa = PBXFileReference; includeInIndex = 1; lastKnownFileType = text.xcconfig; name = "Pods-CollegePostersTests.debug.xcconfig"; path = "Pods/Target Support Files/Pods-CollegePostersTests/Pods-CollegePostersTests.debug.xcconfig"; sourceTree = "<group>"; };
		63640EB320C74EBD0045A0F1 /* PostImagesView.swift */ = {isa = PBXFileReference; lastKnownFileType = sourcecode.swift; path = PostImagesView.swift; sourceTree = "<group>"; };
		63640EB520C74EFF0045A0F1 /* PostImagesViewCell.swift */ = {isa = PBXFileReference; lastKnownFileType = sourcecode.swift; path = PostImagesViewCell.swift; sourceTree = "<group>"; };
		63D40D2420C5E16000DBF059 /* PostViewController.swift */ = {isa = PBXFileReference; fileEncoding = 4; lastKnownFileType = sourcecode.swift; path = PostViewController.swift; sourceTree = "<group>"; };
		BFB6DEDE88608C0C0BFBA801 /* Pods-CollegePosters.release.xcconfig */ = {isa = PBXFileReference; includeInIndex = 1; lastKnownFileType = text.xcconfig; name = "Pods-CollegePosters.release.xcconfig"; path = "Pods/Target Support Files/Pods-CollegePosters/Pods-CollegePosters.release.xcconfig"; sourceTree = "<group>"; };
		C74B41D4A16BAF559D7DB52F /* Pods_CollegePostersTests.framework */ = {isa = PBXFileReference; explicitFileType = wrapper.framework; includeInIndex = 0; path = Pods_CollegePostersTests.framework; sourceTree = BUILT_PRODUCTS_DIR; };
		E1B9BF67ACA9D8CB93697D7D /* Pods-CollegePosters.debug.xcconfig */ = {isa = PBXFileReference; includeInIndex = 1; lastKnownFileType = text.xcconfig; name = "Pods-CollegePosters.debug.xcconfig"; path = "Pods/Target Support Files/Pods-CollegePosters/Pods-CollegePosters.debug.xcconfig"; sourceTree = "<group>"; };
		EB4A881F20BEC4F400AF5587 /* CollegePosters.app */ = {isa = PBXFileReference; explicitFileType = wrapper.application; includeInIndex = 0; path = CollegePosters.app; sourceTree = BUILT_PRODUCTS_DIR; };
		EB4A882220BEC4F400AF5587 /* AppDelegate.swift */ = {isa = PBXFileReference; lastKnownFileType = sourcecode.swift; path = AppDelegate.swift; sourceTree = "<group>"; };
		EB4A882420BEC4F400AF5587 /* ViewController.swift */ = {isa = PBXFileReference; lastKnownFileType = sourcecode.swift; path = ViewController.swift; sourceTree = "<group>"; };
		EB4A882720BEC4F400AF5587 /* Base */ = {isa = PBXFileReference; lastKnownFileType = file.storyboard; name = Base; path = Base.lproj/Main.storyboard; sourceTree = "<group>"; };
		EB4A882A20BEC4F400AF5587 /* College_Posters.xcdatamodel */ = {isa = PBXFileReference; lastKnownFileType = wrapper.xcdatamodel; path = College_Posters.xcdatamodel; sourceTree = "<group>"; };
		EB4A882C20BEC4F500AF5587 /* Assets.xcassets */ = {isa = PBXFileReference; lastKnownFileType = folder.assetcatalog; path = Assets.xcassets; sourceTree = "<group>"; };
		EB4A882F20BEC4F500AF5587 /* Base */ = {isa = PBXFileReference; lastKnownFileType = file.storyboard; name = Base; path = Base.lproj/LaunchScreen.storyboard; sourceTree = "<group>"; };
		EB4A883120BEC4F500AF5587 /* Info.plist */ = {isa = PBXFileReference; lastKnownFileType = text.plist.xml; path = Info.plist; sourceTree = "<group>"; };
		EB4A883620BEC4F500AF5587 /* CollegePostersTests.xctest */ = {isa = PBXFileReference; explicitFileType = wrapper.cfbundle; includeInIndex = 0; path = CollegePostersTests.xctest; sourceTree = BUILT_PRODUCTS_DIR; };
		EB4A883A20BEC4F500AF5587 /* College_PostersTests.swift */ = {isa = PBXFileReference; lastKnownFileType = sourcecode.swift; path = College_PostersTests.swift; sourceTree = "<group>"; };
		EB4A883C20BEC4F500AF5587 /* Info.plist */ = {isa = PBXFileReference; lastKnownFileType = text.plist.xml; path = Info.plist; sourceTree = "<group>"; };
		EB4A885520BF1A6D00AF5587 /* DiscoverViewController.swift */ = {isa = PBXFileReference; lastKnownFileType = sourcecode.swift; path = DiscoverViewController.swift; sourceTree = "<group>"; };
		EB4A885920BF1A8800AF5587 /* MessageViewController.swift */ = {isa = PBXFileReference; lastKnownFileType = sourcecode.swift; path = MessageViewController.swift; sourceTree = "<group>"; };
		EB4A885B20BF1A9E00AF5587 /* ProfileViewController.swift */ = {isa = PBXFileReference; lastKnownFileType = sourcecode.swift; path = ProfileViewController.swift; sourceTree = "<group>"; };
		EB4A886520BF6F0700AF5587 /* ExploreCollectionViewController.swift */ = {isa = PBXFileReference; lastKnownFileType = sourcecode.swift; path = ExploreCollectionViewController.swift; sourceTree = "<group>"; };
		EB4A887020C06DA800AF5587 /* Poster.swift */ = {isa = PBXFileReference; lastKnownFileType = sourcecode.swift; path = Poster.swift; sourceTree = "<group>"; };
		EB4A887220C09D8800AF5587 /* ExploreCell.swift */ = {isa = PBXFileReference; lastKnownFileType = sourcecode.swift; path = ExploreCell.swift; sourceTree = "<group>"; };
		EB4A888520C5E53A00AF5587 /* ExploreMenuBar.swift */ = {isa = PBXFileReference; lastKnownFileType = sourcecode.swift; path = ExploreMenuBar.swift; sourceTree = "<group>"; };
		EB4A888F20C6FD6900AF5587 /* TrendCell.swift */ = {isa = PBXFileReference; lastKnownFileType = sourcecode.swift; path = TrendCell.swift; sourceTree = "<group>"; };
		EB4A889320C7146400AF5587 /* FollowCell.swift */ = {isa = PBXFileReference; lastKnownFileType = sourcecode.swift; path = FollowCell.swift; sourceTree = "<group>"; };
		EB4A889520C71DA400AF5587 /* ExploreBaseCell.swift */ = {isa = PBXFileReference; lastKnownFileType = sourcecode.swift; path = ExploreBaseCell.swift; sourceTree = "<group>"; };
		EB4A889820C84CFB00AF5587 /* HttpApiService.swift */ = {isa = PBXFileReference; lastKnownFileType = sourcecode.swift; path = HttpApiService.swift; sourceTree = "<group>"; };
		EB4A889A20C852D600AF5587 /* PosterImage.swift */ = {isa = PBXFileReference; lastKnownFileType = sourcecode.swift; path = PosterImage.swift; sourceTree = "<group>"; };
		EB4A889C20C87F6700AF5587 /* ClubsCell.swift */ = {isa = PBXFileReference; lastKnownFileType = sourcecode.swift; path = ClubsCell.swift; sourceTree = "<group>"; };
		EB4A889E20C87F9C00AF5587 /* MarketCell.swift */ = {isa = PBXFileReference; lastKnownFileType = sourcecode.swift; path = MarketCell.swift; sourceTree = "<group>"; };
		EB4A88A020C87FBE00AF5587 /* JobCell.swift */ = {isa = PBXFileReference; lastKnownFileType = sourcecode.swift; path = JobCell.swift; sourceTree = "<group>"; };
		EB4A88A420C87FEA00AF5587 /* SocialsCell.swift */ = {isa = PBXFileReference; lastKnownFileType = sourcecode.swift; path = SocialsCell.swift; sourceTree = "<group>"; };
		EB4A88A620C8806500AF5587 /* AcademyCell.swift */ = {isa = PBXFileReference; lastKnownFileType = sourcecode.swift; path = AcademyCell.swift; sourceTree = "<group>"; };
		EB4A88A820C88EB800AF5587 /* LogInViewController.swift */ = {isa = PBXFileReference; lastKnownFileType = sourcecode.swift; path = LogInViewController.swift; sourceTree = "<group>"; };
/* End PBXFileReference section */

/* Begin PBXFrameworksBuildPhase section */
		EB4A881C20BEC4F400AF5587 /* Frameworks */ = {
			isa = PBXFrameworksBuildPhase;
			buildActionMask = 2147483647;
			files = (
				299C885E20EFF44472BA215C /* Pods_CollegePosters.framework in Frameworks */,
			);
			runOnlyForDeploymentPostprocessing = 0;
		};
		EB4A883320BEC4F500AF5587 /* Frameworks */ = {
			isa = PBXFrameworksBuildPhase;
			buildActionMask = 2147483647;
			files = (
				93CB93758FD07CEEA0422BEB /* Pods_CollegePostersTests.framework in Frameworks */,
			);
			runOnlyForDeploymentPostprocessing = 0;
		};
/* End PBXFrameworksBuildPhase section */

/* Begin PBXGroup section */
		63EAC9F18A72C4CA7340EA1F /* Frameworks */ = {
			isa = PBXGroup;
			children = (
				0CAE3A4F07D2613D19DD221D /* Pods_CollegePosters.framework */,
				C74B41D4A16BAF559D7DB52F /* Pods_CollegePostersTests.framework */,
			);
			name = Frameworks;
			sourceTree = "<group>";
		};
		9BDB89C17E8424FA1B3ABF01 /* Pods */ = {
			isa = PBXGroup;
			children = (
				E1B9BF67ACA9D8CB93697D7D /* Pods-CollegePosters.debug.xcconfig */,
				BFB6DEDE88608C0C0BFBA801 /* Pods-CollegePosters.release.xcconfig */,
				576E6AD15ACF977781557463 /* Pods-CollegePostersTests.debug.xcconfig */,
				4997281D62618CC43C5B174E /* Pods-CollegePostersTests.release.xcconfig */,
			);
			name = Pods;
			sourceTree = "<group>";
		};
		EB4A881620BEC4F400AF5587 = {
			isa = PBXGroup;
			children = (
				EB4A882120BEC4F400AF5587 /* CollegePosters */,
				EB4A883920BEC4F500AF5587 /* CollegePostersTests */,
				EB4A882020BEC4F400AF5587 /* Products */,
				9BDB89C17E8424FA1B3ABF01 /* Pods */,
				63EAC9F18A72C4CA7340EA1F /* Frameworks */,
			);
			sourceTree = "<group>";
		};
		EB4A882020BEC4F400AF5587 /* Products */ = {
			isa = PBXGroup;
			children = (
				EB4A881F20BEC4F400AF5587 /* CollegePosters.app */,
				EB4A883620BEC4F500AF5587 /* CollegePostersTests.xctest */,
			);
			name = Products;
			sourceTree = "<group>";
		};
		EB4A882120BEC4F400AF5587 /* CollegePosters */ = {
			isa = PBXGroup;
			children = (
				EB4A886F20C06D7B00AF5587 /* model */,
				EB4A887620C0A10500AF5587 /* view */,
				EB4A887520C0A08900AF5587 /* controllers */,
				EB4A882220BEC4F400AF5587 /* AppDelegate.swift */,
				EB4A882620BEC4F400AF5587 /* Main.storyboard */,
				EB4A882C20BEC4F500AF5587 /* Assets.xcassets */,
				EB4A882E20BEC4F500AF5587 /* LaunchScreen.storyboard */,
				EB4A883120BEC4F500AF5587 /* Info.plist */,
				EB4A882920BEC4F400AF5587 /* College_Posters.xcdatamodeld */,
			);
			path = CollegePosters;
			sourceTree = "<group>";
		};
		EB4A883920BEC4F500AF5587 /* CollegePostersTests */ = {
			isa = PBXGroup;
			children = (
				EB4A883A20BEC4F500AF5587 /* College_PostersTests.swift */,
				EB4A883C20BEC4F500AF5587 /* Info.plist */,
			);
			path = CollegePostersTests;
			sourceTree = "<group>";
		};
		EB4A886F20C06D7B00AF5587 /* model */ = {
			isa = PBXGroup;
			children = (
				EB4A887020C06DA800AF5587 /* Poster.swift */,
				EB4A889820C84CFB00AF5587 /* HttpApiService.swift */,
			);
			path = model;
			sourceTree = "<group>";
		};
		EB4A887520C0A08900AF5587 /* controllers */ = {
			isa = PBXGroup;
			children = (
				63D40D2420C5E16000DBF059 /* PostViewController.swift */,
				EB4A882420BEC4F400AF5587 /* ViewController.swift */,
				EB4A885520BF1A6D00AF5587 /* DiscoverViewController.swift */,
				EB4A885B20BF1A9E00AF5587 /* ProfileViewController.swift */,
				EB4A885920BF1A8800AF5587 /* MessageViewController.swift */,
				EB4A886520BF6F0700AF5587 /* ExploreCollectionViewController.swift */,
				EB4A88A820C88EB800AF5587 /* LogInViewController.swift */,
			);
			path = controllers;
			sourceTree = "<group>";
		};
		EB4A887620C0A10500AF5587 /* view */ = {
			isa = PBXGroup;
			children = (
				EB4A887220C09D8800AF5587 /* ExploreCell.swift */,
				EB4A88A420C87FEA00AF5587 /* SocialsCell.swift */,
				EB4A888520C5E53A00AF5587 /* ExploreMenuBar.swift */,
				EB4A888F20C6FD6900AF5587 /* TrendCell.swift */,
				EB4A889320C7146400AF5587 /* FollowCell.swift */,
				EB4A889520C71DA400AF5587 /* ExploreBaseCell.swift */,
				63640EB320C74EBD0045A0F1 /* PostImagesView.swift */,
				63640EB520C74EFF0045A0F1 /* PostImagesViewCell.swift */,
				EB4A889A20C852D600AF5587 /* PosterImage.swift */,
				EB4A889C20C87F6700AF5587 /* ClubsCell.swift */,
				EB4A889E20C87F9C00AF5587 /* MarketCell.swift */,
				EB4A88A020C87FBE00AF5587 /* JobCell.swift */,
				EB4A88A620C8806500AF5587 /* AcademyCell.swift */,
			);
			path = view;
			sourceTree = "<group>";
		};
/* End PBXGroup section */

/* Begin PBXNativeTarget section */
		EB4A881E20BEC4F400AF5587 /* CollegePosters */ = {
			isa = PBXNativeTarget;
			buildConfigurationList = EB4A884A20BEC4F500AF5587 /* Build configuration list for PBXNativeTarget "CollegePosters" */;
			buildPhases = (
				97D2B1A47C64D43D6B53ED48 /* [CP] Check Pods Manifest.lock */,
				EB4A881B20BEC4F400AF5587 /* Sources */,
				EB4A881C20BEC4F400AF5587 /* Frameworks */,
				EB4A881D20BEC4F400AF5587 /* Resources */,
				8137016DF082286FD6F583F4 /* [CP] Embed Pods Frameworks */,
			);
			buildRules = (
			);
			dependencies = (
			);
			name = CollegePosters;
			productName = "College Posters";
			productReference = EB4A881F20BEC4F400AF5587 /* CollegePosters.app */;
			productType = "com.apple.product-type.application";
		};
		EB4A883520BEC4F500AF5587 /* CollegePostersTests */ = {
			isa = PBXNativeTarget;
			buildConfigurationList = EB4A884D20BEC4F500AF5587 /* Build configuration list for PBXNativeTarget "CollegePostersTests" */;
			buildPhases = (
				1C07E2ABFB4A6E72D85341FB /* [CP] Check Pods Manifest.lock */,
				EB4A883220BEC4F500AF5587 /* Sources */,
				EB4A883320BEC4F500AF5587 /* Frameworks */,
				EB4A883420BEC4F500AF5587 /* Resources */,
			);
			buildRules = (
			);
			dependencies = (
				EB4A883820BEC4F500AF5587 /* PBXTargetDependency */,
			);
			name = CollegePostersTests;
			productName = "College PostersTests";
			productReference = EB4A883620BEC4F500AF5587 /* CollegePostersTests.xctest */;
			productType = "com.apple.product-type.bundle.unit-test";
		};
/* End PBXNativeTarget section */

/* Begin PBXProject section */
		EB4A881720BEC4F400AF5587 /* Project object */ = {
			isa = PBXProject;
			attributes = {
				LastSwiftUpdateCheck = 0930;
				LastUpgradeCheck = 0930;
				ORGANIZATIONNAME = "姜曦";
				TargetAttributes = {
					EB4A881E20BEC4F400AF5587 = {
						CreatedOnToolsVersion = 9.3.1;
					};
					EB4A883520BEC4F500AF5587 = {
						CreatedOnToolsVersion = 9.3.1;
						TestTargetID = EB4A881E20BEC4F400AF5587;
					};
				};
			};
			buildConfigurationList = EB4A881A20BEC4F400AF5587 /* Build configuration list for PBXProject "CollegePosters" */;
			compatibilityVersion = "Xcode 9.3";
			developmentRegion = en;
			hasScannedForEncodings = 0;
			knownRegions = (
				en,
				Base,
			);
			mainGroup = EB4A881620BEC4F400AF5587;
			productRefGroup = EB4A882020BEC4F400AF5587 /* Products */;
			projectDirPath = "";
			projectRoot = "";
			targets = (
				EB4A881E20BEC4F400AF5587 /* CollegePosters */,
				EB4A883520BEC4F500AF5587 /* CollegePostersTests */,
			);
		};
/* End PBXProject section */

/* Begin PBXResourcesBuildPhase section */
		EB4A881D20BEC4F400AF5587 /* Resources */ = {
			isa = PBXResourcesBuildPhase;
			buildActionMask = 2147483647;
			files = (
				EB4A883020BEC4F500AF5587 /* LaunchScreen.storyboard in Resources */,
				EB4A882D20BEC4F500AF5587 /* Assets.xcassets in Resources */,
				EB4A882820BEC4F400AF5587 /* Main.storyboard in Resources */,
			);
			runOnlyForDeploymentPostprocessing = 0;
		};
		EB4A883420BEC4F500AF5587 /* Resources */ = {
			isa = PBXResourcesBuildPhase;
			buildActionMask = 2147483647;
			files = (
			);
			runOnlyForDeploymentPostprocessing = 0;
		};
/* End PBXResourcesBuildPhase section */

/* Begin PBXShellScriptBuildPhase section */
		1C07E2ABFB4A6E72D85341FB /* [CP] Check Pods Manifest.lock */ = {
			isa = PBXShellScriptBuildPhase;
			buildActionMask = 2147483647;
			files = (
			);
			inputPaths = (
				"${PODS_PODFILE_DIR_PATH}/Podfile.lock",
				"${PODS_ROOT}/Manifest.lock",
			);
			name = "[CP] Check Pods Manifest.lock";
			outputPaths = (
				"$(DERIVED_FILE_DIR)/Pods-CollegePostersTests-checkManifestLockResult.txt",
			);
			runOnlyForDeploymentPostprocessing = 0;
			shellPath = /bin/sh;
			shellScript = "diff \"${PODS_PODFILE_DIR_PATH}/Podfile.lock\" \"${PODS_ROOT}/Manifest.lock\" > /dev/null\nif [ $? != 0 ] ; then\n    # print error to STDERR\n    echo \"error: The sandbox is not in sync with the Podfile.lock. Run 'pod install' or update your CocoaPods installation.\" >&2\n    exit 1\nfi\n# This output is used by Xcode 'outputs' to avoid re-running this script phase.\necho \"SUCCESS\" > \"${SCRIPT_OUTPUT_FILE_0}\"\n";
			showEnvVarsInLog = 0;
		};
		8137016DF082286FD6F583F4 /* [CP] Embed Pods Frameworks */ = {
			isa = PBXShellScriptBuildPhase;
			buildActionMask = 2147483647;
			files = (
			);
			inputPaths = (
				"${SRCROOT}/Pods/Target Support Files/Pods-CollegePosters/Pods-CollegePosters-frameworks.sh",
				"${BUILT_PRODUCTS_DIR}/BSGridCollectionViewLayout/BSGridCollectionViewLayout.framework",
				"${BUILT_PRODUCTS_DIR}/BSImagePicker/BSImagePicker.framework",
				"${BUILT_PRODUCTS_DIR}/UIImageViewModeScaleAspect/UIImageViewModeScaleAspect.framework",
			);
			name = "[CP] Embed Pods Frameworks";
			outputPaths = (
				"${TARGET_BUILD_DIR}/${FRAMEWORKS_FOLDER_PATH}/BSGridCollectionViewLayout.framework",
				"${TARGET_BUILD_DIR}/${FRAMEWORKS_FOLDER_PATH}/BSImagePicker.framework",
				"${TARGET_BUILD_DIR}/${FRAMEWORKS_FOLDER_PATH}/UIImageViewModeScaleAspect.framework",
			);
			runOnlyForDeploymentPostprocessing = 0;
			shellPath = /bin/sh;
			shellScript = "\"${SRCROOT}/Pods/Target Support Files/Pods-CollegePosters/Pods-CollegePosters-frameworks.sh\"\n";
			showEnvVarsInLog = 0;
		};
		97D2B1A47C64D43D6B53ED48 /* [CP] Check Pods Manifest.lock */ = {
			isa = PBXShellScriptBuildPhase;
			buildActionMask = 2147483647;
			files = (
			);
			inputPaths = (
				"${PODS_PODFILE_DIR_PATH}/Podfile.lock",
				"${PODS_ROOT}/Manifest.lock",
			);
			name = "[CP] Check Pods Manifest.lock";
			outputPaths = (
				"$(DERIVED_FILE_DIR)/Pods-CollegePosters-checkManifestLockResult.txt",
			);
			runOnlyForDeploymentPostprocessing = 0;
			shellPath = /bin/sh;
			shellScript = "diff \"${PODS_PODFILE_DIR_PATH}/Podfile.lock\" \"${PODS_ROOT}/Manifest.lock\" > /dev/null\nif [ $? != 0 ] ; then\n    # print error to STDERR\n    echo \"error: The sandbox is not in sync with the Podfile.lock. Run 'pod install' or update your CocoaPods installation.\" >&2\n    exit 1\nfi\n# This output is used by Xcode 'outputs' to avoid re-running this script phase.\necho \"SUCCESS\" > \"${SCRIPT_OUTPUT_FILE_0}\"\n";
			showEnvVarsInLog = 0;
		};
/* End PBXShellScriptBuildPhase section */

/* Begin PBXSourcesBuildPhase section */
		EB4A881B20BEC4F400AF5587 /* Sources */ = {
			isa = PBXSourcesBuildPhase;
			buildActionMask = 2147483647;
			files = (
				EB4A889D20C87F6700AF5587 /* ClubsCell.swift in Sources */,
				EB4A889420C7146400AF5587 /* FollowCell.swift in Sources */,
				EB4A889620C71DA400AF5587 /* ExploreBaseCell.swift in Sources */,
				EB4A889F20C87F9C00AF5587 /* MarketCell.swift in Sources */,
				EB4A889020C6FD6900AF5587 /* TrendCell.swift in Sources */,
				63640EB420C74EBD0045A0F1 /* PostImagesView.swift in Sources */,
				EB4A882B20BEC4F400AF5587 /* College_Posters.xcdatamodeld in Sources */,
				EB4A882520BEC4F400AF5587 /* ViewController.swift in Sources */,
				EB4A889920C84CFB00AF5587 /* HttpApiService.swift in Sources */,
				EB4A882320BEC4F400AF5587 /* AppDelegate.swift in Sources */,
				EB4A88A520C87FEA00AF5587 /* SocialsCell.swift in Sources */,
				63D40D2520C5E16000DBF059 /* PostViewController.swift in Sources */,
				EB4A885620BF1A6D00AF5587 /* DiscoverViewController.swift in Sources */,
				EB4A889B20C852D600AF5587 /* PosterImage.swift in Sources */,
				EB4A88A120C87FBE00AF5587 /* JobCell.swift in Sources */,
				EB4A886620BF6F0700AF5587 /* ExploreCollectionViewController.swift in Sources */,
				EB4A887320C09D8800AF5587 /* ExploreCell.swift in Sources */,
				63640EB620C74EFF0045A0F1 /* PostImagesViewCell.swift in Sources */,
				EB4A885C20BF1A9E00AF5587 /* ProfileViewController.swift in Sources */,
				EB4A88A720C8806500AF5587 /* AcademyCell.swift in Sources */,
				EB4A88A920C88EB800AF5587 /* LogInViewController.swift in Sources */,
				EB4A887120C06DA800AF5587 /* Poster.swift in Sources */,
				EB4A885A20BF1A8800AF5587 /* MessageViewController.swift in Sources */,
				EB4A888620C5E53A00AF5587 /* ExploreMenuBar.swift in Sources */,
			);
			runOnlyForDeploymentPostprocessing = 0;
		};
		EB4A883220BEC4F500AF5587 /* Sources */ = {
			isa = PBXSourcesBuildPhase;
			buildActionMask = 2147483647;
			files = (
				EB4A883B20BEC4F500AF5587 /* College_PostersTests.swift in Sources */,
			);
			runOnlyForDeploymentPostprocessing = 0;
		};
/* End PBXSourcesBuildPhase section */

/* Begin PBXTargetDependency section */
		EB4A883820BEC4F500AF5587 /* PBXTargetDependency */ = {
			isa = PBXTargetDependency;
			target = EB4A881E20BEC4F400AF5587 /* CollegePosters */;
			targetProxy = EB4A883720BEC4F500AF5587 /* PBXContainerItemProxy */;
		};
/* End PBXTargetDependency section */

/* Begin PBXVariantGroup section */
		EB4A882620BEC4F400AF5587 /* Main.storyboard */ = {
			isa = PBXVariantGroup;
			children = (
				EB4A882720BEC4F400AF5587 /* Base */,
			);
			name = Main.storyboard;
			sourceTree = "<group>";
		};
		EB4A882E20BEC4F500AF5587 /* LaunchScreen.storyboard */ = {
			isa = PBXVariantGroup;
			children = (
				EB4A882F20BEC4F500AF5587 /* Base */,
			);
			name = LaunchScreen.storyboard;
			sourceTree = "<group>";
		};
/* End PBXVariantGroup section */

/* Begin XCBuildConfiguration section */
		EB4A884820BEC4F500AF5587 /* Debug */ = {
			isa = XCBuildConfiguration;
			buildSettings = {
				ALWAYS_SEARCH_USER_PATHS = NO;
				CLANG_ANALYZER_NONNULL = YES;
				CLANG_ANALYZER_NUMBER_OBJECT_CONVERSION = YES_AGGRESSIVE;
				CLANG_CXX_LANGUAGE_STANDARD = "gnu++14";
				CLANG_CXX_LIBRARY = "libc++";
				CLANG_ENABLE_MODULES = YES;
				CLANG_ENABLE_OBJC_ARC = YES;
				CLANG_ENABLE_OBJC_WEAK = YES;
				CLANG_WARN_BLOCK_CAPTURE_AUTORELEASING = YES;
				CLANG_WARN_BOOL_CONVERSION = YES;
				CLANG_WARN_COMMA = YES;
				CLANG_WARN_CONSTANT_CONVERSION = YES;
				CLANG_WARN_DEPRECATED_OBJC_IMPLEMENTATIONS = YES;
				CLANG_WARN_DIRECT_OBJC_ISA_USAGE = YES_ERROR;
				CLANG_WARN_DOCUMENTATION_COMMENTS = YES;
				CLANG_WARN_EMPTY_BODY = YES;
				CLANG_WARN_ENUM_CONVERSION = YES;
				CLANG_WARN_INFINITE_RECURSION = YES;
				CLANG_WARN_INT_CONVERSION = YES;
				CLANG_WARN_NON_LITERAL_NULL_CONVERSION = YES;
				CLANG_WARN_OBJC_IMPLICIT_RETAIN_SELF = YES;
				CLANG_WARN_OBJC_LITERAL_CONVERSION = YES;
				CLANG_WARN_OBJC_ROOT_CLASS = YES_ERROR;
				CLANG_WARN_RANGE_LOOP_ANALYSIS = YES;
				CLANG_WARN_STRICT_PROTOTYPES = YES;
				CLANG_WARN_SUSPICIOUS_MOVE = YES;
				CLANG_WARN_UNGUARDED_AVAILABILITY = YES_AGGRESSIVE;
				CLANG_WARN_UNREACHABLE_CODE = YES;
				CLANG_WARN__DUPLICATE_METHOD_MATCH = YES;
				CODE_SIGN_IDENTITY = "iPhone Developer";
				COPY_PHASE_STRIP = NO;
				DEBUG_INFORMATION_FORMAT = dwarf;
				ENABLE_STRICT_OBJC_MSGSEND = YES;
				ENABLE_TESTABILITY = YES;
				GCC_C_LANGUAGE_STANDARD = gnu11;
				GCC_DYNAMIC_NO_PIC = NO;
				GCC_NO_COMMON_BLOCKS = YES;
				GCC_OPTIMIZATION_LEVEL = 0;
				GCC_PREPROCESSOR_DEFINITIONS = (
					"DEBUG=1",
					"$(inherited)",
				);
				GCC_WARN_64_TO_32_BIT_CONVERSION = YES;
				GCC_WARN_ABOUT_RETURN_TYPE = YES_ERROR;
				GCC_WARN_UNDECLARED_SELECTOR = YES;
				GCC_WARN_UNINITIALIZED_AUTOS = YES_AGGRESSIVE;
				GCC_WARN_UNUSED_FUNCTION = YES;
				GCC_WARN_UNUSED_VARIABLE = YES;
				IPHONEOS_DEPLOYMENT_TARGET = 11.3;
				MTL_ENABLE_DEBUG_INFO = YES;
				ONLY_ACTIVE_ARCH = YES;
				SDKROOT = iphoneos;
				SWIFT_ACTIVE_COMPILATION_CONDITIONS = DEBUG;
				SWIFT_OPTIMIZATION_LEVEL = "-Onone";
			};
			name = Debug;
		};
		EB4A884920BEC4F500AF5587 /* Release */ = {
			isa = XCBuildConfiguration;
			buildSettings = {
				ALWAYS_SEARCH_USER_PATHS = NO;
				CLANG_ANALYZER_NONNULL = YES;
				CLANG_ANALYZER_NUMBER_OBJECT_CONVERSION = YES_AGGRESSIVE;
				CLANG_CXX_LANGUAGE_STANDARD = "gnu++14";
				CLANG_CXX_LIBRARY = "libc++";
				CLANG_ENABLE_MODULES = YES;
				CLANG_ENABLE_OBJC_ARC = YES;
				CLANG_ENABLE_OBJC_WEAK = YES;
				CLANG_WARN_BLOCK_CAPTURE_AUTORELEASING = YES;
				CLANG_WARN_BOOL_CONVERSION = YES;
				CLANG_WARN_COMMA = YES;
				CLANG_WARN_CONSTANT_CONVERSION = YES;
				CLANG_WARN_DEPRECATED_OBJC_IMPLEMENTATIONS = YES;
				CLANG_WARN_DIRECT_OBJC_ISA_USAGE = YES_ERROR;
				CLANG_WARN_DOCUMENTATION_COMMENTS = YES;
				CLANG_WARN_EMPTY_BODY = YES;
				CLANG_WARN_ENUM_CONVERSION = YES;
				CLANG_WARN_INFINITE_RECURSION = YES;
				CLANG_WARN_INT_CONVERSION = YES;
				CLANG_WARN_NON_LITERAL_NULL_CONVERSION = YES;
				CLANG_WARN_OBJC_IMPLICIT_RETAIN_SELF = YES;
				CLANG_WARN_OBJC_LITERAL_CONVERSION = YES;
				CLANG_WARN_OBJC_ROOT_CLASS = YES_ERROR;
				CLANG_WARN_RANGE_LOOP_ANALYSIS = YES;
				CLANG_WARN_STRICT_PROTOTYPES = YES;
				CLANG_WARN_SUSPICIOUS_MOVE = YES;
				CLANG_WARN_UNGUARDED_AVAILABILITY = YES_AGGRESSIVE;
				CLANG_WARN_UNREACHABLE_CODE = YES;
				CLANG_WARN__DUPLICATE_METHOD_MATCH = YES;
				CODE_SIGN_IDENTITY = "iPhone Developer";
				COPY_PHASE_STRIP = NO;
				DEBUG_INFORMATION_FORMAT = "dwarf-with-dsym";
				ENABLE_NS_ASSERTIONS = NO;
				ENABLE_STRICT_OBJC_MSGSEND = YES;
				GCC_C_LANGUAGE_STANDARD = gnu11;
				GCC_NO_COMMON_BLOCKS = YES;
				GCC_WARN_64_TO_32_BIT_CONVERSION = YES;
				GCC_WARN_ABOUT_RETURN_TYPE = YES_ERROR;
				GCC_WARN_UNDECLARED_SELECTOR = YES;
				GCC_WARN_UNINITIALIZED_AUTOS = YES_AGGRESSIVE;
				GCC_WARN_UNUSED_FUNCTION = YES;
				GCC_WARN_UNUSED_VARIABLE = YES;
				IPHONEOS_DEPLOYMENT_TARGET = 11.3;
				MTL_ENABLE_DEBUG_INFO = NO;
				SDKROOT = iphoneos;
				SWIFT_COMPILATION_MODE = wholemodule;
				SWIFT_OPTIMIZATION_LEVEL = "-O";
				VALIDATE_PRODUCT = YES;
			};
			name = Release;
		};
		EB4A884B20BEC4F500AF5587 /* Debug */ = {
			isa = XCBuildConfiguration;
			baseConfigurationReference = E1B9BF67ACA9D8CB93697D7D /* Pods-CollegePosters.debug.xcconfig */;
			buildSettings = {
				ASSETCATALOG_COMPILER_APPICON_NAME = AppIcon;
				CODE_SIGN_IDENTITY = "iPhone Developer";
				CODE_SIGN_STYLE = Manual;
				DEVELOPMENT_TEAM = QJQGH9NF7F;
				INFOPLIST_FILE = CollegePosters/Info.plist;
				IPHONEOS_DEPLOYMENT_TARGET = 10.3;
				LD_RUNPATH_SEARCH_PATHS = (
					"$(inherited)",
					"@executable_path/Frameworks",
				);
				PRODUCT_BUNDLE_IDENTIFIER = uk.ac.imperial.CollegePosters;
				PRODUCT_NAME = "$(TARGET_NAME)";
				PROVISIONING_PROFILE = "5279b5e3-162a-4bda-8968-7a429f77a70b";
				PROVISIONING_PROFILE_SPECIFIER = CollegePosters;
				SWIFT_VERSION = 4.0;
				TARGETED_DEVICE_FAMILY = "1,2";
			};
			name = Debug;
		};
		EB4A884C20BEC4F500AF5587 /* Release */ = {
			isa = XCBuildConfiguration;
			baseConfigurationReference = BFB6DEDE88608C0C0BFBA801 /* Pods-CollegePosters.release.xcconfig */;
			buildSettings = {
				ASSETCATALOG_COMPILER_APPICON_NAME = AppIcon;
				CODE_SIGN_IDENTITY = "iPhone Developer";
				CODE_SIGN_STYLE = Manual;
				DEVELOPMENT_TEAM = QJQGH9NF7F;
				INFOPLIST_FILE = CollegePosters/Info.plist;
				IPHONEOS_DEPLOYMENT_TARGET = 10.3;
				LD_RUNPATH_SEARCH_PATHS = (
					"$(inherited)",
					"@executable_path/Frameworks",
				);
				PRODUCT_BUNDLE_IDENTIFIER = uk.ac.imperial.CollegePosters;
				PRODUCT_NAME = "$(TARGET_NAME)";
				PROVISIONING_PROFILE = "5279b5e3-162a-4bda-8968-7a429f77a70b";
				PROVISIONING_PROFILE_SPECIFIER = CollegePosters;
				SWIFT_VERSION = 4.0;
				TARGETED_DEVICE_FAMILY = "1,2";
			};
			name = Release;
		};
		EB4A884E20BEC4F500AF5587 /* Debug */ = {
			isa = XCBuildConfiguration;
			baseConfigurationReference = 576E6AD15ACF977781557463 /* Pods-CollegePostersTests.debug.xcconfig */;
			buildSettings = {
				ALWAYS_EMBED_SWIFT_STANDARD_LIBRARIES = YES;
				CODE_SIGN_STYLE = Automatic;
				DEVELOPMENT_TEAM = 43G345D86X;
				INFOPLIST_FILE = CollegePostersTests/Info.plist;
				LD_RUNPATH_SEARCH_PATHS = (
					"$(inherited)",
					"@executable_path/Frameworks",
					"@loader_path/Frameworks",
				);
				PRODUCT_BUNDLE_IDENTIFIER = "icdoc2018webapp.College-PostersTests";
				PRODUCT_NAME = "$(TARGET_NAME)";
				SWIFT_VERSION = 4.0;
				TARGETED_DEVICE_FAMILY = "1,2";
				TEST_HOST = "$(BUILT_PRODUCTS_DIR)/CollegePosters.app/CollegePosters";
			};
			name = Debug;
		};
		EB4A884F20BEC4F500AF5587 /* Release */ = {
			isa = XCBuildConfiguration;
			baseConfigurationReference = 4997281D62618CC43C5B174E /* Pods-CollegePostersTests.release.xcconfig */;
			buildSettings = {
				ALWAYS_EMBED_SWIFT_STANDARD_LIBRARIES = YES;
				CODE_SIGN_STYLE = Automatic;
				DEVELOPMENT_TEAM = 43G345D86X;
				INFOPLIST_FILE = CollegePostersTests/Info.plist;
				LD_RUNPATH_SEARCH_PATHS = (
					"$(inherited)",
					"@executable_path/Frameworks",
					"@loader_path/Frameworks",
				);
				PRODUCT_BUNDLE_IDENTIFIER = "icdoc2018webapp.College-PostersTests";
				PRODUCT_NAME = "$(TARGET_NAME)";
				SWIFT_VERSION = 4.0;
				TARGETED_DEVICE_FAMILY = "1,2";
				TEST_HOST = "$(BUILT_PRODUCTS_DIR)/CollegePosters.app/CollegePosters";
			};
			name = Release;
		};
/* End XCBuildConfiguration section */

/* Begin XCConfigurationList section */
		EB4A881A20BEC4F400AF5587 /* Build configuration list for PBXProject "CollegePosters" */ = {
			isa = XCConfigurationList;
			buildConfigurations = (
				EB4A884820BEC4F500AF5587 /* Debug */,
				EB4A884920BEC4F500AF5587 /* Release */,
			);
			defaultConfigurationIsVisible = 0;
			defaultConfigurationName = Release;
		};
		EB4A884A20BEC4F500AF5587 /* Build configuration list for PBXNativeTarget "CollegePosters" */ = {
			isa = XCConfigurationList;
			buildConfigurations = (
				EB4A884B20BEC4F500AF5587 /* Debug */,
				EB4A884C20BEC4F500AF5587 /* Release */,
			);
			defaultConfigurationIsVisible = 0;
			defaultConfigurationName = Release;
		};
		EB4A884D20BEC4F500AF5587 /* Build configuration list for PBXNativeTarget "CollegePostersTests" */ = {
			isa = XCConfigurationList;
			buildConfigurations = (
				EB4A884E20BEC4F500AF5587 /* Debug */,
				EB4A884F20BEC4F500AF5587 /* Release */,
			);
			defaultConfigurationIsVisible = 0;
			defaultConfigurationName = Release;
		};
/* End XCConfigurationList section */

/* Begin XCVersionGroup section */
		EB4A882920BEC4F400AF5587 /* College_Posters.xcdatamodeld */ = {
			isa = XCVersionGroup;
			children = (
				EB4A882A20BEC4F400AF5587 /* College_Posters.xcdatamodel */,
			);
			currentVersion = EB4A882A20BEC4F400AF5587 /* College_Posters.xcdatamodel */;
			path = College_Posters.xcdatamodeld;
			sourceTree = "<group>";
			versionGroupType = wrapper.xcdatamodel;
		};
/* End XCVersionGroup section */
	};
	rootObject = EB4A881720BEC4F400AF5587 /* Project object */;
}
